// !$*UTF8*$!
{
	archiveVersion = 1;
	classes = {
	};
	objectVersion = 46;
	objects = {

/* Begin PBXBuildFile section */
		4CDD69A41F624A3A00163F15 /* AddFriendViewController.m in Sources */ = {isa = PBXBuildFile; fileRef = 4CDD69A31F624A3A00163F15 /* AddFriendViewController.m */; };
		4CF108BF1F5F924F0031427B /* main.m in Sources */ = {isa = PBXBuildFile; fileRef = 4CF108BE1F5F924F0031427B /* main.m */; };
		4CF108C21F5F92500031427B /* AppDelegate.m in Sources */ = {isa = PBXBuildFile; fileRef = 4CF108C11F5F92500031427B /* AppDelegate.m */; };
		4CF108C51F5F92500031427B /* ViewController.m in Sources */ = {isa = PBXBuildFile; fileRef = 4CF108C41F5F92500031427B /* ViewController.m */; };
		4CF108C81F5F92500031427B /* Main.storyboard in Resources */ = {isa = PBXBuildFile; fileRef = 4CF108C61F5F92500031427B /* Main.storyboard */; };
		4CF108CA1F5F92500031427B /* Assets.xcassets in Resources */ = {isa = PBXBuildFile; fileRef = 4CF108C91F5F92500031427B /* Assets.xcassets */; };
		4CF108CD1F5F92510031427B /* LaunchScreen.storyboard in Resources */ = {isa = PBXBuildFile; fileRef = 4CF108CB1F5F92510031427B /* LaunchScreen.storyboard */; };
		4CF108D81F5F92510031427B /* XMPPTests.m in Sources */ = {isa = PBXBuildFile; fileRef = 4CF108D71F5F92510031427B /* XMPPTests.m */; };
		4CF108E31F5F92510031427B /* XMPPUITests.m in Sources */ = {isa = PBXBuildFile; fileRef = 4CF108E21F5F92510031427B /* XMPPUITests.m */; };
		4CF7EAC91F61495B0091BB8C /* XMPPManager.m in Sources */ = {isa = PBXBuildFile; fileRef = 4CF7EAC81F61495B0091BB8C /* XMPPManager.m */; };
		4CF7EAF51F6149680091BB8C /* ChatViewController.m in Sources */ = {isa = PBXBuildFile; fileRef = 4CF7EACC1F6149680091BB8C /* ChatViewController.m */; };
		4CF7EAF61F6149680091BB8C /* FriendsViewController.m in Sources */ = {isa = PBXBuildFile; fileRef = 4CF7EACE1F6149680091BB8C /* FriendsViewController.m */; };
		4CF7EAF71F6149680091BB8C /* LoginViewController.m in Sources */ = {isa = PBXBuildFile; fileRef = 4CF7EAD01F6149680091BB8C /* LoginViewController.m */; };
		4CF7EAF81F6149680091BB8C /* RegisterViewController.m in Sources */ = {isa = PBXBuildFile; fileRef = 4CF7EAD21F6149680091BB8C /* RegisterViewController.m */; };
		4CF7EAF91F6149680091BB8C /* MSAlert.m in Sources */ = {isa = PBXBuildFile; fileRef = 4CF7EAD61F6149680091BB8C /* MSAlert.m */; };
		4CF7EAFA1F6149680091BB8C /* UIViewController+MSHUD.m in Sources */ = {isa = PBXBuildFile; fileRef = 4CF7EAD91F6149680091BB8C /* UIViewController+MSHUD.m */; };
		4CF7EAFB1F6149680091BB8C /* MBProgressHUD.m in Sources */ = {isa = PBXBuildFile; fileRef = 4CF7EADC1F6149680091BB8C /* MBProgressHUD.m */; };
		4CF7EB041F6149680091BB8C /* ChatCell.m in Sources */ = {isa = PBXBuildFile; fileRef = 4CF7EAF01F6149680091BB8C /* ChatCell.m */; };
		4CF7EB051F6149680091BB8C /* ChatCell.xib in Resources */ = {isa = PBXBuildFile; fileRef = 4CF7EAF11F6149680091BB8C /* ChatCell.xib */; };
		4CF7EB061F6149680091BB8C /* MyChatCell.m in Sources */ = {isa = PBXBuildFile; fileRef = 4CF7EAF31F6149680091BB8C /* MyChatCell.m */; };
		4CF7EB071F6149680091BB8C /* MyChatCell.xib in Resources */ = {isa = PBXBuildFile; fileRef = 4CF7EAF41F6149680091BB8C /* MyChatCell.xib */; };
		766E988E1B4B2302FEF6B846 /* Pods_XMPP.framework in Frameworks */ = {isa = PBXBuildFile; fileRef = 5D177431F6E70C3BBC7AF499 /* Pods_XMPP.framework */; };
/* End PBXBuildFile section */

/* Begin PBXContainerItemProxy section */
		4CF108D41F5F92510031427B /* PBXContainerItemProxy */ = {
			isa = PBXContainerItemProxy;
			containerPortal = 4CF108B21F5F924E0031427B /* Project object */;
			proxyType = 1;
			remoteGlobalIDString = 4CF108B91F5F924F0031427B;
			remoteInfo = XMPP;
		};
		4CF108DF1F5F92510031427B /* PBXContainerItemProxy */ = {
			isa = PBXContainerItemProxy;
			containerPortal = 4CF108B21F5F924E0031427B /* Project object */;
			proxyType = 1;
			remoteGlobalIDString = 4CF108B91F5F924F0031427B;
			remoteInfo = XMPP;
		};
/* End PBXContainerItemProxy section */

/* Begin PBXFileReference section */
		4316DBEE3F3A1D710F2D238F /* Pods-XMPP.release.xcconfig */ = {isa = PBXFileReference; includeInIndex = 1; lastKnownFileType = text.xcconfig; name = "Pods-XMPP.release.xcconfig"; path = "Pods/Target Support Files/Pods-XMPP/Pods-XMPP.release.xcconfig"; sourceTree = "<group>"; };
		4CDD69A21F624A3A00163F15 /* AddFriendViewController.h */ = {isa = PBXFileReference; fileEncoding = 4; lastKnownFileType = sourcecode.c.h; path = AddFriendViewController.h; sourceTree = "<group>"; };
		4CDD69A31F624A3A00163F15 /* AddFriendViewController.m */ = {isa = PBXFileReference; fileEncoding = 4; lastKnownFileType = sourcecode.c.objc; path = AddFriendViewController.m; sourceTree = "<group>"; };
		4CF108BA1F5F924F0031427B /* XMPP.app */ = {isa = PBXFileReference; explicitFileType = wrapper.application; includeInIndex = 0; path = XMPP.app; sourceTree = BUILT_PRODUCTS_DIR; };
		4CF108BE1F5F924F0031427B /* main.m */ = {isa = PBXFileReference; lastKnownFileType = sourcecode.c.objc; path = main.m; sourceTree = "<group>"; };
		4CF108C01F5F924F0031427B /* AppDelegate.h */ = {isa = PBXFileReference; lastKnownFileType = sourcecode.c.h; path = AppDelegate.h; sourceTree = "<group>"; };
		4CF108C11F5F92500031427B /* AppDelegate.m */ = {isa = PBXFileReference; lastKnownFileType = sourcecode.c.objc; path = AppDelegate.m; sourceTree = "<group>"; };
		4CF108C31F5F92500031427B /* ViewController.h */ = {isa = PBXFileReference; lastKnownFileType = sourcecode.c.h; path = ViewController.h; sourceTree = "<group>"; };
		4CF108C41F5F92500031427B /* ViewController.m */ = {isa = PBXFileReference; lastKnownFileType = sourcecode.c.objc; path = ViewController.m; sourceTree = "<group>"; };
		4CF108C71F5F92500031427B /* Base */ = {isa = PBXFileReference; lastKnownFileType = file.storyboard; name = Base; path = Base.lproj/Main.storyboard; sourceTree = "<group>"; };
		4CF108C91F5F92500031427B /* Assets.xcassets */ = {isa = PBXFileReference; lastKnownFileType = folder.assetcatalog; path = Assets.xcassets; sourceTree = "<group>"; };
		4CF108CC1F5F92510031427B /* Base */ = {isa = PBXFileReference; lastKnownFileType = file.storyboard; name = Base; path = Base.lproj/LaunchScreen.storyboard; sourceTree = "<group>"; };
		4CF108CE1F5F92510031427B /* Info.plist */ = {isa = PBXFileReference; lastKnownFileType = text.plist.xml; path = Info.plist; sourceTree = "<group>"; };
		4CF108D31F5F92510031427B /* XMPPTests.xctest */ = {isa = PBXFileReference; explicitFileType = wrapper.cfbundle; includeInIndex = 0; path = XMPPTests.xctest; sourceTree = BUILT_PRODUCTS_DIR; };
		4CF108D71F5F92510031427B /* XMPPTests.m */ = {isa = PBXFileReference; lastKnownFileType = sourcecode.c.objc; path = XMPPTests.m; sourceTree = "<group>"; };
		4CF108D91F5F92510031427B /* Info.plist */ = {isa = PBXFileReference; lastKnownFileType = text.plist.xml; path = Info.plist; sourceTree = "<group>"; };
		4CF108DE1F5F92510031427B /* XMPPUITests.xctest */ = {isa = PBXFileReference; explicitFileType = wrapper.cfbundle; includeInIndex = 0; path = XMPPUITests.xctest; sourceTree = BUILT_PRODUCTS_DIR; };
		4CF108E21F5F92510031427B /* XMPPUITests.m */ = {isa = PBXFileReference; lastKnownFileType = sourcecode.c.objc; path = XMPPUITests.m; sourceTree = "<group>"; };
		4CF108E41F5F92510031427B /* Info.plist */ = {isa = PBXFileReference; lastKnownFileType = text.plist.xml; path = Info.plist; sourceTree = "<group>"; };
		4CF7EAC71F61495B0091BB8C /* XMPPManager.h */ = {isa = PBXFileReference; fileEncoding = 4; lastKnownFileType = sourcecode.c.h; path = XMPPManager.h; sourceTree = "<group>"; };
		4CF7EAC81F61495B0091BB8C /* XMPPManager.m */ = {isa = PBXFileReference; fileEncoding = 4; lastKnownFileType = sourcecode.c.objc; path = XMPPManager.m; sourceTree = "<group>"; };
		4CF7EACB1F6149680091BB8C /* ChatViewController.h */ = {isa = PBXFileReference; fileEncoding = 4; lastKnownFileType = sourcecode.c.h; path = ChatViewController.h; sourceTree = "<group>"; };
		4CF7EACC1F6149680091BB8C /* ChatViewController.m */ = {isa = PBXFileReference; fileEncoding = 4; lastKnownFileType = sourcecode.c.objc; path = ChatViewController.m; sourceTree = "<group>"; };
		4CF7EACD1F6149680091BB8C /* FriendsViewController.h */ = {isa = PBXFileReference; fileEncoding = 4; lastKnownFileType = sourcecode.c.h; path = FriendsViewController.h; sourceTree = "<group>"; };
		4CF7EACE1F6149680091BB8C /* FriendsViewController.m */ = {isa = PBXFileReference; fileEncoding = 4; lastKnownFileType = sourcecode.c.objc; path = FriendsViewController.m; sourceTree = "<group>"; };
		4CF7EACF1F6149680091BB8C /* LoginViewController.h */ = {isa = PBXFileReference; fileEncoding = 4; lastKnownFileType = sourcecode.c.h; path = LoginViewController.h; sourceTree = "<group>"; };
		4CF7EAD01F6149680091BB8C /* LoginViewController.m */ = {isa = PBXFileReference; fileEncoding = 4; lastKnownFileType = sourcecode.c.objc; path = LoginViewController.m; sourceTree = "<group>"; };
		4CF7EAD11F6149680091BB8C /* RegisterViewController.h */ = {isa = PBXFileReference; fileEncoding = 4; lastKnownFileType = sourcecode.c.h; path = RegisterViewController.h; sourceTree = "<group>"; };
		4CF7EAD21F6149680091BB8C /* RegisterViewController.m */ = {isa = PBXFileReference; fileEncoding = 4; lastKnownFileType = sourcecode.c.objc; path = RegisterViewController.m; sourceTree = "<group>"; };
		4CF7EAD51F6149680091BB8C /* MSAlert.h */ = {isa = PBXFileReference; fileEncoding = 4; lastKnownFileType = sourcecode.c.h; path = MSAlert.h; sourceTree = "<group>"; };
		4CF7EAD61F6149680091BB8C /* MSAlert.m */ = {isa = PBXFileReference; fileEncoding = 4; lastKnownFileType = sourcecode.c.objc; path = MSAlert.m; sourceTree = "<group>"; };
		4CF7EAD81F6149680091BB8C /* UIViewController+MSHUD.h */ = {isa = PBXFileReference; fileEncoding = 4; lastKnownFileType = sourcecode.c.h; path = "UIViewController+MSHUD.h"; sourceTree = "<group>"; };
		4CF7EAD91F6149680091BB8C /* UIViewController+MSHUD.m */ = {isa = PBXFileReference; fileEncoding = 4; lastKnownFileType = sourcecode.c.objc; path = "UIViewController+MSHUD.m"; sourceTree = "<group>"; };
		4CF7EADB1F6149680091BB8C /* MBProgressHUD.h */ = {isa = PBXFileReference; fileEncoding = 4; lastKnownFileType = sourcecode.c.h; path = MBProgressHUD.h; sourceTree = "<group>"; };
		4CF7EADC1F6149680091BB8C /* MBProgressHUD.m */ = {isa = PBXFileReference; fileEncoding = 4; lastKnownFileType = sourcecode.c.objc; path = MBProgressHUD.m; sourceTree = "<group>"; };
		4CF7EAEF1F6149680091BB8C /* ChatCell.h */ = {isa = PBXFileReference; fileEncoding = 4; lastKnownFileType = sourcecode.c.h; path = ChatCell.h; sourceTree = "<group>"; };
		4CF7EAF01F6149680091BB8C /* ChatCell.m */ = {isa = PBXFileReference; fileEncoding = 4; lastKnownFileType = sourcecode.c.objc; path = ChatCell.m; sourceTree = "<group>"; };
		4CF7EAF11F6149680091BB8C /* ChatCell.xib */ = {isa = PBXFileReference; fileEncoding = 4; lastKnownFileType = file.xib; path = ChatCell.xib; sourceTree = "<group>"; };
		4CF7EAF21F6149680091BB8C /* MyChatCell.h */ = {isa = PBXFileReference; fileEncoding = 4; lastKnownFileType = sourcecode.c.h; path = MyChatCell.h; sourceTree = "<group>"; };
		4CF7EAF31F6149680091BB8C /* MyChatCell.m */ = {isa = PBXFileReference; fileEncoding = 4; lastKnownFileType = sourcecode.c.objc; path = MyChatCell.m; sourceTree = "<group>"; };
		4CF7EAF41F6149680091BB8C /* MyChatCell.xib */ = {isa = PBXFileReference; fileEncoding = 4; lastKnownFileType = file.xib; path = MyChatCell.xib; sourceTree = "<group>"; };
		5D177431F6E70C3BBC7AF499 /* Pods_XMPP.framework */ = {isa = PBXFileReference; explicitFileType = wrapper.framework; includeInIndex = 0; path = Pods_XMPP.framework; sourceTree = BUILT_PRODUCTS_DIR; };
		E23007C1A43695279E6FBEF6 /* Pods-XMPP.debug.xcconfig */ = {isa = PBXFileReference; includeInIndex = 1; lastKnownFileType = text.xcconfig; name = "Pods-XMPP.debug.xcconfig"; path = "Pods/Target Support Files/Pods-XMPP/Pods-XMPP.debug.xcconfig"; sourceTree = "<group>"; };
/* End PBXFileReference section */

/* Begin PBXFrameworksBuildPhase section */
		4CF108B71F5F924F0031427B /* Frameworks */ = {
			isa = PBXFrameworksBuildPhase;
			buildActionMask = 2147483647;
			files = (
				766E988E1B4B2302FEF6B846 /* Pods_XMPP.framework in Frameworks */,
			);
			runOnlyForDeploymentPostprocessing = 0;
		};
		4CF108D01F5F92510031427B /* Frameworks */ = {
			isa = PBXFrameworksBuildPhase;
			buildActionMask = 2147483647;
			files = (
			);
			runOnlyForDeploymentPostprocessing = 0;
		};
		4CF108DB1F5F92510031427B /* Frameworks */ = {
			isa = PBXFrameworksBuildPhase;
			buildActionMask = 2147483647;
			files = (
			);
			runOnlyForDeploymentPostprocessing = 0;
		};
/* End PBXFrameworksBuildPhase section */

/* Begin PBXGroup section */
		1FCEEB154EEF9A77691026F1 /* Frameworks */ = {
			isa = PBXGroup;
			children = (
				5D177431F6E70C3BBC7AF499 /* Pods_XMPP.framework */,
			);
			name = Frameworks;
			sourceTree = "<group>";
		};
		4CF108B11F5F924E0031427B = {
			isa = PBXGroup;
			children = (
				4CF108BC1F5F924F0031427B /* XMPP */,
				4CF108D61F5F92510031427B /* XMPPTests */,
				4CF108E11F5F92510031427B /* XMPPUITests */,
				4CF108BB1F5F924F0031427B /* Products */,
				FABCEEF7ACFA86FADFAE7F14 /* Pods */,
				1FCEEB154EEF9A77691026F1 /* Frameworks */,
			);
			sourceTree = "<group>";
		};
		4CF108BB1F5F924F0031427B /* Products */ = {
			isa = PBXGroup;
			children = (
				4CF108BA1F5F924F0031427B /* XMPP.app */,
				4CF108D31F5F92510031427B /* XMPPTests.xctest */,
				4CF108DE1F5F92510031427B /* XMPPUITests.xctest */,
			);
			name = Products;
			sourceTree = "<group>";
		};
		4CF108BC1F5F924F0031427B /* XMPP */ = {
			isa = PBXGroup;
			children = (
				4CF108C61F5F92500031427B /* Main.storyboard */,
				4CF7EAC71F61495B0091BB8C /* XMPPManager.h */,
				4CF7EAC81F61495B0091BB8C /* XMPPManager.m */,
				4CF7EACA1F6149680091BB8C /* Controller */,
				4CF7EAEE1F6149680091BB8C /* View */,
				4CF7EAD31F6149680091BB8C /* Vendor */,
				4CF108BD1F5F924F0031427B /* Supporting Files */,
			);
			path = XMPP;
			sourceTree = "<group>";
		};
		4CF108BD1F5F924F0031427B /* Supporting Files */ = {
			isa = PBXGroup;
			children = (
				4CF108C01F5F924F0031427B /* AppDelegate.h */,
				4CF108C11F5F92500031427B /* AppDelegate.m */,
				4CF108C31F5F92500031427B /* ViewController.h */,
				4CF108C41F5F92500031427B /* ViewController.m */,
				4CF108C91F5F92500031427B /* Assets.xcassets */,
				4CF108CB1F5F92510031427B /* LaunchScreen.storyboard */,
				4CF108CE1F5F92510031427B /* Info.plist */,
				4CF108BE1F5F924F0031427B /* main.m */,
			);
			name = "Supporting Files";
			sourceTree = "<group>";
		};
		4CF108D61F5F92510031427B /* XMPPTests */ = {
			isa = PBXGroup;
			children = (
				4CF108D71F5F92510031427B /* XMPPTests.m */,
				4CF108D91F5F92510031427B /* Info.plist */,
			);
			path = XMPPTests;
			sourceTree = "<group>";
		};
		4CF108E11F5F92510031427B /* XMPPUITests */ = {
			isa = PBXGroup;
			children = (
				4CF108E21F5F92510031427B /* XMPPUITests.m */,
				4CF108E41F5F92510031427B /* Info.plist */,
			);
			path = XMPPUITests;
			sourceTree = "<group>";
		};
		4CF7EACA1F6149680091BB8C /* Controller */ = {
			isa = PBXGroup;
			children = (
				4CF7EACF1F6149680091BB8C /* LoginViewController.h */,
				4CF7EAD01F6149680091BB8C /* LoginViewController.m */,
				4CF7EAD11F6149680091BB8C /* RegisterViewController.h */,
				4CF7EAD21F6149680091BB8C /* RegisterViewController.m */,
				4CF7EACD1F6149680091BB8C /* FriendsViewController.h */,
				4CF7EACE1F6149680091BB8C /* FriendsViewController.m */,
				4CDD69A21F624A3A00163F15 /* AddFriendViewController.h */,
				4CDD69A31F624A3A00163F15 /* AddFriendViewController.m */,
				4CF7EACB1F6149680091BB8C /* ChatViewController.h */,
				4CF7EACC1F6149680091BB8C /* ChatViewController.m */,
			);
			path = Controller;
			sourceTree = "<group>";
		};
		4CF7EAD31F6149680091BB8C /* Vendor */ = {
			isa = PBXGroup;
			children = (
				4CF7EAD41F6149680091BB8C /* Alert */,
				4CF7EAD71F6149680091BB8C /* HUD */,
				4CF7EADA1F6149680091BB8C /* MBProgressHUD */,
			);
			path = Vendor;
			sourceTree = "<group>";
		};
		4CF7EAD41F6149680091BB8C /* Alert */ = {
			isa = PBXGroup;
			children = (
				4CF7EAD51F6149680091BB8C /* MSAlert.h */,
				4CF7EAD61F6149680091BB8C /* MSAlert.m */,
			);
			path = Alert;
			sourceTree = "<group>";
		};
		4CF7EAD71F6149680091BB8C /* HUD */ = {
			isa = PBXGroup;
			children = (
				4CF7EAD81F6149680091BB8C /* UIViewController+MSHUD.h */,
				4CF7EAD91F6149680091BB8C /* UIViewController+MSHUD.m */,
			);
			path = HUD;
			sourceTree = "<group>";
		};
		4CF7EADA1F6149680091BB8C /* MBProgressHUD */ = {
			isa = PBXGroup;
			children = (
				4CF7EADB1F6149680091BB8C /* MBProgressHUD.h */,
				4CF7EADC1F6149680091BB8C /* MBProgressHUD.m */,
			);
			path = MBProgressHUD;
			sourceTree = "<group>";
		};
		4CF7EAEE1F6149680091BB8C /* View */ = {
			isa = PBXGroup;
			children = (
				4CF7EAEF1F6149680091BB8C /* ChatCell.h */,
				4CF7EAF01F6149680091BB8C /* ChatCell.m */,
				4CF7EAF11F6149680091BB8C /* ChatCell.xib */,
				4CF7EAF21F6149680091BB8C /* MyChatCell.h */,
				4CF7EAF31F6149680091BB8C /* MyChatCell.m */,
				4CF7EAF41F6149680091BB8C /* MyChatCell.xib */,
			);
			path = View;
			sourceTree = "<group>";
		};
		FABCEEF7ACFA86FADFAE7F14 /* Pods */ = {
			isa = PBXGroup;
			children = (
				E23007C1A43695279E6FBEF6 /* Pods-XMPP.debug.xcconfig */,
				4316DBEE3F3A1D710F2D238F /* Pods-XMPP.release.xcconfig */,
			);
			name = Pods;
			sourceTree = "<group>";
		};
/* End PBXGroup section */

/* Begin PBXNativeTarget section */
		4CF108B91F5F924F0031427B /* XMPP */ = {
			isa = PBXNativeTarget;
			buildConfigurationList = 4CF108E71F5F92510031427B /* Build configuration list for PBXNativeTarget "XMPP" */;
			buildPhases = (
				AEB35B1B613BD004DF5A1AAE /* [CP] Check Pods Manifest.lock */,
				4CF108B61F5F924F0031427B /* Sources */,
				4CF108B71F5F924F0031427B /* Frameworks */,
				4CF108B81F5F924F0031427B /* Resources */,
				848AB1D38C7FD48DA03B0426 /* [CP] Embed Pods Frameworks */,
				CB18A20E884CED4596140B27 /* [CP] Copy Pods Resources */,
			);
			buildRules = (
			);
			dependencies = (
			);
			name = XMPP;
			productName = XMPP;
			productReference = 4CF108BA1F5F924F0031427B /* XMPP.app */;
			productType = "com.apple.product-type.application";
		};
		4CF108D21F5F92510031427B /* XMPPTests */ = {
			isa = PBXNativeTarget;
			buildConfigurationList = 4CF108EA1F5F92510031427B /* Build configuration list for PBXNativeTarget "XMPPTests" */;
			buildPhases = (
				4CF108CF1F5F92510031427B /* Sources */,
				4CF108D01F5F92510031427B /* Frameworks */,
				4CF108D11F5F92510031427B /* Resources */,
			);
			buildRules = (
			);
			dependencies = (
				4CF108D51F5F92510031427B /* PBXTargetDependency */,
			);
			name = XMPPTests;
			productName = XMPPTests;
			productReference = 4CF108D31F5F92510031427B /* XMPPTests.xctest */;
			productType = "com.apple.product-type.bundle.unit-test";
		};
		4CF108DD1F5F92510031427B /* XMPPUITests */ = {
			isa = PBXNativeTarget;
			buildConfigurationList = 4CF108ED1F5F92510031427B /* Build configuration list for PBXNativeTarget "XMPPUITests" */;
			buildPhases = (
				4CF108DA1F5F92510031427B /* Sources */,
				4CF108DB1F5F92510031427B /* Frameworks */,
				4CF108DC1F5F92510031427B /* Resources */,
			);
			buildRules = (
			);
			dependencies = (
				4CF108E01F5F92510031427B /* PBXTargetDependency */,
			);
			name = XMPPUITests;
			productName = XMPPUITests;
			productReference = 4CF108DE1F5F92510031427B /* XMPPUITests.xctest */;
			productType = "com.apple.product-type.bundle.ui-testing";
		};
/* End PBXNativeTarget section */

/* Begin PBXProject section */
		4CF108B21F5F924E0031427B /* Project object */ = {
			isa = PBXProject;
			attributes = {
				LastUpgradeCheck = 0830;
				ORGANIZATIONNAME = mukr;
				TargetAttributes = {
					4CF108B91F5F924F0031427B = {
						CreatedOnToolsVersion = 8.3.3;
						DevelopmentTeam = AMSRDVPGHY;
						LastSwiftMigration = 0830;
						ProvisioningStyle = Automatic;
					};
					4CF108D21F5F92510031427B = {
						CreatedOnToolsVersion = 8.3.3;
						ProvisioningStyle = Automatic;
						TestTargetID = 4CF108B91F5F924F0031427B;
					};
					4CF108DD1F5F92510031427B = {
						CreatedOnToolsVersion = 8.3.3;
						ProvisioningStyle = Automatic;
						TestTargetID = 4CF108B91F5F924F0031427B;
					};
				};
			};
			buildConfigurationList = 4CF108B51F5F924E0031427B /* Build configuration list for PBXProject "XMPP" */;
			compatibilityVersion = "Xcode 3.2";
			developmentRegion = English;
			hasScannedForEncodings = 0;
			knownRegions = (
				en,
				Base,
			);
			mainGroup = 4CF108B11F5F924E0031427B;
			productRefGroup = 4CF108BB1F5F924F0031427B /* Products */;
			projectDirPath = "";
			projectRoot = "";
			targets = (
				4CF108B91F5F924F0031427B /* XMPP */,
				4CF108D21F5F92510031427B /* XMPPTests */,
				4CF108DD1F5F92510031427B /* XMPPUITests */,
			);
		};
/* End PBXProject section */

/* Begin PBXResourcesBuildPhase section */
		4CF108B81F5F924F0031427B /* Resources */ = {
			isa = PBXResourcesBuildPhase;
			buildActionMask = 2147483647;
			files = (
				4CF108CD1F5F92510031427B /* LaunchScreen.storyboard in Resources */,
				4CF108CA1F5F92500031427B /* Assets.xcassets in Resources */,
				4CF7EB051F6149680091BB8C /* ChatCell.xib in Resources */,
				4CF7EB071F6149680091BB8C /* MyChatCell.xib in Resources */,
				4CF108C81F5F92500031427B /* Main.storyboard in Resources */,
			);
			runOnlyForDeploymentPostprocessing = 0;
		};
		4CF108D11F5F92510031427B /* Resources */ = {
			isa = PBXResourcesBuildPhase;
			buildActionMask = 2147483647;
			files = (
			);
			runOnlyForDeploymentPostprocessing = 0;
		};
		4CF108DC1F5F92510031427B /* Resources */ = {
			isa = PBXResourcesBuildPhase;
			buildActionMask = 2147483647;
			files = (
			);
			runOnlyForDeploymentPostprocessing = 0;
		};
/* End PBXResourcesBuildPhase section */

/* Begin PBXShellScriptBuildPhase section */
		848AB1D38C7FD48DA03B0426 /* [CP] Embed Pods Frameworks */ = {
			isa = PBXShellScriptBuildPhase;
			buildActionMask = 2147483647;
			files = (
			);
			inputPaths = (
			);
			name = "[CP] Embed Pods Frameworks";
			outputPaths = (
			);
			runOnlyForDeploymentPostprocessing = 0;
			shellPath = /bin/sh;
			shellScript = "\"${SRCROOT}/Pods/Target Support Files/Pods-XMPP/Pods-XMPP-frameworks.sh\"\n";
			showEnvVarsInLog = 0;
		};
		AEB35B1B613BD004DF5A1AAE /* [CP] Check Pods Manifest.lock */ = {
			isa = PBXShellScriptBuildPhase;
			buildActionMask = 2147483647;
			files = (
			);
			inputPaths = (
			);
			name = "[CP] Check Pods Manifest.lock";
			outputPaths = (
			);
			runOnlyForDeploymentPostprocessing = 0;
			shellPath = /bin/sh;
			shellScript = "diff \"${PODS_ROOT}/../Podfile.lock\" \"${PODS_ROOT}/Manifest.lock\" > /dev/null\nif [ $? != 0 ] ; then\n    # print error to STDERR\n    echo \"error: The sandbox is not in sync with the Podfile.lock. Run 'pod install' or update your CocoaPods installation.\" >&2\n    exit 1\nfi\n";
			showEnvVarsInLog = 0;
		};
		CB18A20E884CED4596140B27 /* [CP] Copy Pods Resources */ = {
			isa = PBXShellScriptBuildPhase;
			buildActionMask = 2147483647;
			files = (
			);
			inputPaths = (
			);
			name = "[CP] Copy Pods Resources";
			outputPaths = (
			);
			runOnlyForDeploymentPostprocessing = 0;
			shellPath = /bin/sh;
			shellScript = "\"${SRCROOT}/Pods/Target Support Files/Pods-XMPP/Pods-XMPP-resources.sh\"\n";
			showEnvVarsInLog = 0;
		};
/* End PBXShellScriptBuildPhase section */

/* Begin PBXSourcesBuildPhase section */
		4CF108B61F5F924F0031427B /* Sources */ = {
			isa = PBXSourcesBuildPhase;
			buildActionMask = 2147483647;
			files = (
				4CF7EB061F6149680091BB8C /* MyChatCell.m in Sources */,
				4CF7EAF61F6149680091BB8C /* FriendsViewController.m in Sources */,
				4CF7EAC91F61495B0091BB8C /* XMPPManager.m in Sources */,
				4CF7EAFA1F6149680091BB8C /* UIViewController+MSHUD.m in Sources */,
				4CF7EB041F6149680091BB8C /* ChatCell.m in Sources */,
				4CF108C51F5F92500031427B /* ViewController.m in Sources */,
				4CF7EAFB1F6149680091BB8C /* MBProgressHUD.m in Sources */,
				4CF7EAF51F6149680091BB8C /* ChatViewController.m in Sources */,
				4CF7EAF71F6149680091BB8C /* LoginViewController.m in Sources */,
				4CF108C21F5F92500031427B /* AppDelegate.m in Sources */,
				4CDD69A41F624A3A00163F15 /* AddFriendViewController.m in Sources */,
				4CF108BF1F5F924F0031427B /* main.m in Sources */,
				4CF7EAF91F6149680091BB8C /* MSAlert.m in Sources */,
				4CF7EAF81F6149680091BB8C /* RegisterViewController.m in Sources */,
			);
			runOnlyForDeploymentPostprocessing = 0;
		};
		4CF108CF1F5F92510031427B /* Sources */ = {
			isa = PBXSourcesBuildPhase;
			buildActionMask = 2147483647;
			files = (
				4CF108D81F5F92510031427B /* XMPPTests.m in Sources */,
			);
			runOnlyForDeploymentPostprocessing = 0;
		};
		4CF108DA1F5F92510031427B /* Sources */ = {
			isa = PBXSourcesBuildPhase;
			buildActionMask = 2147483647;
			files = (
				4CF108E31F5F92510031427B /* XMPPUITests.m in Sources */,
			);
			runOnlyForDeploymentPostprocessing = 0;
		};
/* End PBXSourcesBuildPhase section */

/* Begin PBXTargetDependency section */
		4CF108D51F5F92510031427B /* PBXTargetDependency */ = {
			isa = PBXTargetDependency;
			target = 4CF108B91F5F924F0031427B /* XMPP */;
			targetProxy = 4CF108D41F5F92510031427B /* PBXContainerItemProxy */;
		};
		4CF108E01F5F92510031427B /* PBXTargetDependency */ = {
			isa = PBXTargetDependency;
			target = 4CF108B91F5F924F0031427B /* XMPP */;
			targetProxy = 4CF108DF1F5F92510031427B /* PBXContainerItemProxy */;
		};
/* End PBXTargetDependency section */

/* Begin PBXVariantGroup section */
		4CF108C61F5F92500031427B /* Main.storyboard */ = {
			isa = PBXVariantGroup;
			children = (
				4CF108C71F5F92500031427B /* Base */,
			);
			name = Main.storyboard;
			sourceTree = "<group>";
		};
		4CF108CB1F5F92510031427B /* LaunchScreen.storyboard */ = {
			isa = PBXVariantGroup;
			children = (
				4CF108CC1F5F92510031427B /* Base */,
			);
			name = LaunchScreen.storyboard;
			sourceTree = "<group>";
		};
/* End PBXVariantGroup section */

/* Begin XCBuildConfiguration section */
		4CF108E51F5F92510031427B /* Debug */ = {
			isa = XCBuildConfiguration;
			buildSettings = {
				ALWAYS_SEARCH_USER_PATHS = NO;
				CLANG_ANALYZER_NONNULL = YES;
				CLANG_ANALYZER_NUMBER_OBJECT_CONVERSION = YES_AGGRESSIVE;
				CLANG_CXX_LANGUAGE_STANDARD = "gnu++0x";
				CLANG_CXX_LIBRARY = "libc++";
				CLANG_ENABLE_MODULES = YES;
				CLANG_ENABLE_OBJC_ARC = YES;
				CLANG_WARN_BOOL_CONVERSION = YES;
				CLANG_WARN_CONSTANT_CONVERSION = YES;
				CLANG_WARN_DIRECT_OBJC_ISA_USAGE = YES_ERROR;
				CLANG_WARN_DOCUMENTATION_COMMENTS = YES;
				CLANG_WARN_EMPTY_BODY = YES;
				CLANG_WARN_ENUM_CONVERSION = YES;
				CLANG_WARN_INFINITE_RECURSION = YES;
				CLANG_WARN_INT_CONVERSION = YES;
				CLANG_WARN_OBJC_ROOT_CLASS = YES_ERROR;
				CLANG_WARN_SUSPICIOUS_MOVE = YES;
				CLANG_WARN_UNREACHABLE_CODE = YES;
				CLANG_WARN__DUPLICATE_METHOD_MATCH = YES;
				"CODE_SIGN_IDENTITY[sdk=iphoneos*]" = "iPhone Developer";
				COPY_PHASE_STRIP = NO;
				DEBUG_INFORMATION_FORMAT = dwarf;
				ENABLE_STRICT_OBJC_MSGSEND = YES;
				ENABLE_TESTABILITY = YES;
				GCC_C_LANGUAGE_STANDARD = gnu99;
				GCC_DYNAMIC_NO_PIC = NO;
				GCC_NO_COMMON_BLOCKS = YES;
				GCC_OPTIMIZATION_LEVEL = 0;
				GCC_PREPROCESSOR_DEFINITIONS = (
					"DEBUG=1",
					"$(inherited)",
				);
				GCC_WARN_64_TO_32_BIT_CONVERSION = YES;
				GCC_WARN_ABOUT_RETURN_TYPE = YES_ERROR;
				GCC_WARN_UNDECLARED_SELECTOR = YES;
				GCC_WARN_UNINITIALIZED_AUTOS = YES_AGGRESSIVE;
				GCC_WARN_UNUSED_FUNCTION = YES;
				GCC_WARN_UNUSED_VARIABLE = YES;
				IPHONEOS_DEPLOYMENT_TARGET = 10.3;
				MTL_ENABLE_DEBUG_INFO = YES;
				ONLY_ACTIVE_ARCH = YES;
				SDKROOT = iphoneos;
			};
			name = Debug;
		};
		4CF108E61F5F92510031427B /* Release */ = {
			isa = XCBuildConfiguration;
			buildSettings = {
				ALWAYS_SEARCH_USER_PATHS = NO;
				CLANG_ANALYZER_NONNULL = YES;
				CLANG_ANALYZER_NUMBER_OBJECT_CONVERSION = YES_AGGRESSIVE;
				CLANG_CXX_LANGUAGE_STANDARD = "gnu++0x";
				CLANG_CXX_LIBRARY = "libc++";
				CLANG_ENABLE_MODULES = YES;
				CLANG_ENABLE_OBJC_ARC = YES;
				CLANG_WARN_BOOL_CONVERSION = YES;
				CLANG_WARN_CONSTANT_CONVERSION = YES;
				CLANG_WARN_DIRECT_OBJC_ISA_USAGE = YES_ERROR;
				CLANG_WARN_DOCUMENTATION_COMMENTS = YES;
				CLANG_WARN_EMPTY_BODY = YES;
				CLANG_WARN_ENUM_CONVERSION = YES;
				CLANG_WARN_INFINITE_RECURSION = YES;
				CLANG_WARN_INT_CONVERSION = YES;
				CLANG_WARN_OBJC_ROOT_CLASS = YES_ERROR;
				CLANG_WARN_SUSPICIOUS_MOVE = YES;
				CLANG_WARN_UNREACHABLE_CODE = YES;
				CLANG_WARN__DUPLICATE_METHOD_MATCH = YES;
				"CODE_SIGN_IDENTITY[sdk=iphoneos*]" = "iPhone Developer";
				COPY_PHASE_STRIP = NO;
				DEBUG_INFORMATION_FORMAT = "dwarf-with-dsym";
				ENABLE_NS_ASSERTIONS = NO;
				ENABLE_STRICT_OBJC_MSGSEND = YES;
				GCC_C_LANGUAGE_STANDARD = gnu99;
				GCC_NO_COMMON_BLOCKS = YES;
				GCC_WARN_64_TO_32_BIT_CONVERSION = YES;
				GCC_WARN_ABOUT_RETURN_TYPE = YES_ERROR;
				GCC_WARN_UNDECLARED_SELECTOR = YES;
				GCC_WARN_UNINITIALIZED_AUTOS = YES_AGGRESSIVE;
				GCC_WARN_UNUSED_FUNCTION = YES;
				GCC_WARN_UNUSED_VARIABLE = YES;
				IPHONEOS_DEPLOYMENT_TARGET = 10.3;
				MTL_ENABLE_DEBUG_INFO = NO;
				SDKROOT = iphoneos;
				VALIDATE_PRODUCT = YES;
			};
			name = Release;
		};
		4CF108E81F5F92510031427B /* Debug */ = {
			isa = XCBuildConfiguration;
			baseConfigurationReference = E23007C1A43695279E6FBEF6 /* Pods-XMPP.debug.xcconfig */;
			buildSettings = {
				ALWAYS_EMBED_SWIFT_STANDARD_LIBRARIES = YES;
				ASSETCATALOG_COMPILER_APPICON_NAME = AppIcon;
				DEVELOPMENT_TEAM = AMSRDVPGHY;
				INFOPLIST_FILE = XMPP/Info.plist;
				IPHONEOS_DEPLOYMENT_TARGET = 8.0;
				LD_RUNPATH_SEARCH_PATHS = "$(inherited) @executable_path/Frameworks";
				PRODUCT_BUNDLE_IDENTIFIER = com.weicaoshou.XMPP;
				PRODUCT_NAME = "$(TARGET_NAME)";
				SWIFT_VERSION = 3.0;
			};
			name = Debug;
		};
		4CF108E91F5F92510031427B /* Release */ = {
			isa = XCBuildConfiguration;
			baseConfigurationReference = 4316DBEE3F3A1D710F2D238F /* Pods-XMPP.release.xcconfig */;
			buildSettings = {
				ALWAYS_EMBED_SWIFT_STANDARD_LIBRARIES = YES;
				ASSETCATALOG_COMPILER_APPICON_NAME = AppIcon;
				DEVELOPMENT_TEAM = AMSRDVPGHY;
				INFOPLIST_FILE = XMPP/Info.plist;
				IPHONEOS_DEPLOYMENT_TARGET = 8.0;
				LD_RUNPATH_SEARCH_PATHS = "$(inherited) @executable_path/Frameworks";
				PRODUCT_BUNDLE_IDENTIFIER = com.weicaoshou.XMPP;
				PRODUCT_NAME = "$(TARGET_NAME)";
				SWIFT_VERSION = 3.0;
			};
			name = Release;
		};
		4CF108EB1F5F92510031427B /* Debug */ = {
			isa = XCBuildConfiguration;
			buildSettings = {
				BUNDLE_LOADER = "$(TEST_HOST)";
				INFOPLIST_FILE = XMPPTests/Info.plist;
				LD_RUNPATH_SEARCH_PATHS = "$(inherited) @executable_path/Frameworks @loader_path/Frameworks";
				PRODUCT_BUNDLE_IDENTIFIER = com.weicaoshou.XMPPTests;
				PRODUCT_NAME = "$(TARGET_NAME)";
				TEST_HOST = "$(BUILT_PRODUCTS_DIR)/XMPP.app/XMPP";
			};
			name = Debug;
		};
		4CF108EC1F5F92510031427B /* Release */ = {
			isa = XCBuildConfiguration;
			buildSettings = {
				BUNDLE_LOADER = "$(TEST_HOST)";
				INFOPLIST_FILE = XMPPTests/Info.plist;
				LD_RUNPATH_SEARCH_PATHS = "$(inherited) @executable_path/Frameworks @loader_path/Frameworks";
				PRODUCT_BUNDLE_IDENTIFIER = com.weicaoshou.XMPPTests;
				PRODUCT_NAME = "$(TARGET_NAME)";
				TEST_HOST = "$(BUILT_PRODUCTS_DIR)/XMPP.app/XMPP";
			};
			name = Release;
		};
		4CF108EE1F5F92510031427B /* Debug */ = {
			isa = XCBuildConfiguration;
			buildSettings = {
				INFOPLIST_FILE = XMPPUITests/Info.plist;
				LD_RUNPATH_SEARCH_PATHS = "$(inherited) @executable_path/Frameworks @loader_path/Frameworks";
				PRODUCT_BUNDLE_IDENTIFIER = com.weicaoshou.XMPPUITests;
				PRODUCT_NAME = "$(TARGET_NAME)";
				TEST_TARGET_NAME = XMPP;
			};
			name = Debug;
		};
		4CF108EF1F5F92510031427B /* Release */ = {
			isa = XCBuildConfiguration;
			buildSettings = {
				INFOPLIST_FILE = XMPPUITests/Info.plist;
				LD_RUNPATH_SEARCH_PATHS = "$(inherited) @executable_path/Frameworks @loader_path/Frameworks";
				PRODUCT_BUNDLE_IDENTIFIER = com.weicaoshou.XMPPUITests;
				PRODUCT_NAME = "$(TARGET_NAME)";
				TEST_TARGET_NAME = XMPP;
			};
			name = Release;
		};
/* End XCBuildConfiguration section */

/* Begin XCConfigurationList section */
		4CF108B51F5F924E0031427B /* Build configuration list for PBXProject "XMPP" */ = {
			isa = XCConfigurationList;
			buildConfigurations = (
				4CF108E51F5F92510031427B /* Debug */,
				4CF108E61F5F92510031427B /* Release */,
			);
			defaultConfigurationIsVisible = 0;
			defaultConfigurationName = Release;
		};
		4CF108E71F5F92510031427B /* Build configuration list for PBXNativeTarget "XMPP" */ = {
			isa = XCConfigurationList;
			buildConfigurations = (
				4CF108E81F5F92510031427B /* Debug */,
				4CF108E91F5F92510031427B /* Release */,
			);
			defaultConfigurationIsVisible = 0;
			defaultConfigurationName = Release;
		};
		4CF108EA1F5F92510031427B /* Build configuration list for PBXNativeTarget "XMPPTests" */ = {
			isa = XCConfigurationList;
			buildConfigurations = (
				4CF108EB1F5F92510031427B /* Debug */,
				4CF108EC1F5F92510031427B /* Release */,
			);
			defaultConfigurationIsVisible = 0;
			defaultConfigurationName = Release;
		};
		4CF108ED1F5F92510031427B /* Build configuration list for PBXNativeTarget "XMPPUITests" */ = {
			isa = XCConfigurationList;
			buildConfigurations = (
				4CF108EE1F5F92510031427B /* Debug */,
				4CF108EF1F5F92510031427B /* Release */,
			);
			defaultConfigurationIsVisible = 0;
			defaultConfigurationName = Release;
		};
/* End XCConfigurationList section */
	};
	rootObject = 4CF108B21F5F924E0031427B /* Project object */;
}
